// !$*UTF8*$!
{
	archiveVersion = 1;
	classes = {
	};
	objectVersion = 46;
	objects = {

/* Begin PBXBuildFile section */
		0ED1053914708A12000A2AE9 /* UIKit.framework in Frameworks */ = {isa = PBXBuildFile; fileRef = 0ED1053814708A12000A2AE9 /* UIKit.framework */; };
		0ED1053B14708A12000A2AE9 /* Foundation.framework in Frameworks */ = {isa = PBXBuildFile; fileRef = 0ED1053A14708A12000A2AE9 /* Foundation.framework */; };
		0ED1053D14708A12000A2AE9 /* CoreGraphics.framework in Frameworks */ = {isa = PBXBuildFile; fileRef = 0ED1053C14708A12000A2AE9 /* CoreGraphics.framework */; };
		0ED1054314708A12000A2AE9 /* InfoPlist.strings in Resources */ = {isa = PBXBuildFile; fileRef = 0ED1054114708A12000A2AE9 /* InfoPlist.strings */; };
		0ED1054614708A12000A2AE9 /* main.m in Sources */ = {isa = PBXBuildFile; fileRef = 0ED1054514708A12000A2AE9 /* main.m */; };
		0ED1054914708A12000A2AE9 /* AnotherProjectAppDelegate.m in Sources */ = {isa = PBXBuildFile; fileRef = 0ED1054814708A12000A2AE9 /* AnotherProjectAppDelegate.m */; };
		0ED1054C14708A12000A2AE9 /* MainWindow.xib in Resources */ = {isa = PBXBuildFile; fileRef = 0ED1054A14708A12000A2AE9 /* MainWindow.xib */; };
		0ED1054F14708A12000A2AE9 /* AnotherProjectViewController.m in Sources */ = {isa = PBXBuildFile; fileRef = 0ED1054E14708A12000A2AE9 /* AnotherProjectViewController.m */; };
		0ED1055214708A12000A2AE9 /* AnotherProjectViewController.xib in Resources */ = {isa = PBXBuildFile; fileRef = 0ED1055014708A12000A2AE9 /* AnotherProjectViewController.xib */; };
/* End PBXBuildFile section */

/* Begin PBXFileReference section */
		0ED1053414708A12000A2AE9 /* AnotherProject.app */ = {isa = PBXFileReference; explicitFileType = wrapper.application; includeInIndex = 0; path = AnotherProject.app; sourceTree = BUILT_PRODUCTS_DIR; };
		0ED1053814708A12000A2AE9 /* UIKit.framework */ = {isa = PBXFileReference; lastKnownFileType = wrapper.framework; name = UIKit.framework; path = System/Library/Frameworks/UIKit.framework; sourceTree = SDKROOT; };
		0ED1053A14708A12000A2AE9 /* Foundation.framework */ = {isa = PBXFileReference; lastKnownFileType = wrapper.framework; name = Foundation.framework; path = System/Library/Frameworks/Foundation.framework; sourceTree = SDKROOT; };
		0ED1053C14708A12000A2AE9 /* CoreGraphics.framework */ = {isa = PBXFileReference; lastKnownFileType = wrapper.framework; name = CoreGraphics.framework; path = System/Library/Frameworks/CoreGraphics.framework; sourceTree = SDKROOT; };
		0ED1054014708A12000A2AE9 /* AnotherProject-Info.plist */ = {isa = PBXFileReference; lastKnownFileType = text.plist.xml; path = "AnotherProject-Info.plist"; sourceTree = "<group>"; };
		0ED1054214708A12000A2AE9 /* en */ = {isa = PBXFileReference; lastKnownFileType = text.plist.strings; name = en; path = en.lproj/InfoPlist.strings; sourceTree = "<group>"; };
		0ED1054414708A12000A2AE9 /* AnotherProject-Prefix.pch */ = {isa = PBXFileReference; lastKnownFileType = sourcecode.c.h; path = "AnotherProject-Prefix.pch"; sourceTree = "<group>"; };
		0ED1054514708A12000A2AE9 /* main.m */ = {isa = PBXFileReference; lastKnownFileType = sourcecode.c.objc; path = main.m; sourceTree = "<group>"; };
		0ED1054714708A12000A2AE9 /* AnotherProjectAppDelegate.h */ = {isa = PBXFileReference; lastKnownFileType = sourcecode.c.h; path = AnotherProjectAppDelegate.h; sourceTree = "<group>"; };
		0ED1054814708A12000A2AE9 /* AnotherProjectAppDelegate.m */ = {isa = PBXFileReference; lastKnownFileType = sourcecode.c.objc; path = AnotherProjectAppDelegate.m; sourceTree = "<group>"; };
		0ED1054B14708A12000A2AE9 /* en */ = {isa = PBXFileReference; lastKnownFileType = file.xib; name = en; path = en.lproj/MainWindow.xib; sourceTree = "<group>"; };
		0ED1054D14708A12000A2AE9 /* AnotherProjectViewController.h */ = {isa = PBXFileReference; lastKnownFileType = sourcecode.c.h; path = AnotherProjectViewController.h; sourceTree = "<group>"; };
		0ED1054E14708A12000A2AE9 /* AnotherProjectViewController.m */ = {isa = PBXFileReference; lastKnownFileType = sourcecode.c.objc; path = AnotherProjectViewController.m; sourceTree = "<group>"; };
		0ED1055114708A12000A2AE9 /* en */ = {isa = PBXFileReference; lastKnownFileType = file.xib; name = en; path = en.lproj/AnotherProjectViewController.xib; sourceTree = "<group>"; };
/* End PBXFileReference section */

/* Begin PBXFrameworksBuildPhase section */
		0ED1053114708A12000A2AE9 /* Frameworks */ = {
			isa = PBXFrameworksBuildPhase;
			buildActionMask = 2147483647;
			files = (
				0ED1053914708A12000A2AE9 /* UIKit.framework in Frameworks */,
				0ED1053B14708A12000A2AE9 /* Foundation.framework in Frameworks */,
				0ED1053D14708A12000A2AE9 /* CoreGraphics.framework in Frameworks */,
			);
			runOnlyForDeploymentPostprocessing = 0;
		};
/* End PBXFrameworksBuildPhase section */

/* Begin PBXGroup section */
		0ED1052914708A12000A2AE9 = {
			isa = PBXGroup;
			children = (
				0ED1053E14708A12000A2AE9 /* AnotherProject */,
				0ED1053714708A12000A2AE9 /* Frameworks */,
				0ED1053514708A12000A2AE9 /* Products */,
			);
			sourceTree = "<group>";
		};
		0ED1053514708A12000A2AE9 /* Products */ = {
			isa = PBXGroup;
			children = (
				0ED1053414708A12000A2AE9 /* AnotherProject.app */,
			);
			name = Products;
			sourceTree = "<group>";
		};
		0ED1053714708A12000A2AE9 /* Frameworks */ = {
			isa = PBXGroup;
			children = (
				0ED1053814708A12000A2AE9 /* UIKit.framework */,
				0ED1053A14708A12000A2AE9 /* Foundation.framework */,
				0ED1053C14708A12000A2AE9 /* CoreGraphics.framework */,
			);
			name = Frameworks;
			sourceTree = "<group>";
		};
		0ED1053E14708A12000A2AE9 /* AnotherProject */ = {
			isa = PBXGroup;
			children = (
				0ED1054714708A12000A2AE9 /* AnotherProjectAppDelegate.h */,
				0ED1054814708A12000A2AE9 /* AnotherProjectAppDelegate.m */,
				0ED1054A14708A12000A2AE9 /* MainWindow.xib */,
				0ED1054D14708A12000A2AE9 /* AnotherProjectViewController.h */,
				0ED1054E14708A12000A2AE9 /* AnotherProjectViewController.m */,
				0ED1055014708A12000A2AE9 /* AnotherProjectViewController.xib */,
				0ED1053F14708A12000A2AE9 /* Supporting Files */,
			);
			path = AnotherProject;
			sourceTree = "<group>";
		};
		0ED1053F14708A12000A2AE9 /* Supporting Files */ = {
			isa = PBXGroup;
			children = (
				0ED1054014708A12000A2AE9 /* AnotherProject-Info.plist */,
				0ED1054114708A12000A2AE9 /* InfoPlist.strings */,
				0ED1054414708A12000A2AE9 /* AnotherProject-Prefix.pch */,
				0ED1054514708A12000A2AE9 /* main.m */,
			);
			name = "Supporting Files";
			sourceTree = "<group>";
		};
/* End PBXGroup section */

/* Begin PBXNativeTarget section */
		0ED1053314708A12000A2AE9 /* AnotherProject */ = {
			isa = PBXNativeTarget;
			buildConfigurationList = 0ED1055514708A12000A2AE9 /* Build configuration list for PBXNativeTarget "AnotherProject" */;
			buildPhases = (
				0ED1053014708A12000A2AE9 /* Sources */,
				0ED1053114708A12000A2AE9 /* Frameworks */,
				0ED1053214708A12000A2AE9 /* Resources */,
			);
			buildRules = (
			);
			dependencies = (
			);
			name = AnotherProject;
			productName = AnotherProject;
			productReference = 0ED1053414708A12000A2AE9 /* AnotherProject.app */;
			productType = "com.apple.product-type.application";
		};
/* End PBXNativeTarget section */

/* Begin PBXProject section */
		0ED1052B14708A12000A2AE9 /* Project object */ = {
			isa = PBXProject;
			buildConfigurationList = 0ED1052E14708A12000A2AE9 /* Build configuration list for PBXProject "AnotherProject" */;
			compatibilityVersion = "Xcode 3.2";
			developmentRegion = English;
			hasScannedForEncodings = 0;
			knownRegions = (
				en,
			);
			mainGroup = 0ED1052914708A12000A2AE9;
			productRefGroup = 0ED1053514708A12000A2AE9 /* Products */;
			projectDirPath = "";
			projectRoot = "";
			targets = (
				0ED1053314708A12000A2AE9 /* AnotherProject */,
			);
		};
/* End PBXProject section */

/* Begin PBXResourcesBuildPhase section */
		0ED1053214708A12000A2AE9 /* Resources */ = {
			isa = PBXResourcesBuildPhase;
			buildActionMask = 2147483647;
			files = (
				0ED1054314708A12000A2AE9 /* InfoPlist.strings in Resources */,
				0ED1054C14708A12000A2AE9 /* MainWindow.xib in Resources */,
				0ED1055214708A12000A2AE9 /* AnotherProjectViewController.xib in Resources */,
			);
			runOnlyForDeploymentPostprocessing = 0;
		};
/* End PBXResourcesBuildPhase section */

/* Begin PBXSourcesBuildPhase section */
		0ED1053014708A12000A2AE9 /* Sources */ = {
			isa = PBXSourcesBuildPhase;
			buildActionMask = 2147483647;
			files = (
				0ED1054614708A12000A2AE9 /* main.m in Sources */,
				0ED1054914708A12000A2AE9 /* AnotherProjectAppDelegate.m in Sources */,
				0ED1054F14708A12000A2AE9 /* AnotherProjectViewController.m in Sources */,
			);
			runOnlyForDeploymentPostprocessing = 0;
		};
/* End PBXSourcesBuildPhase section */

/* Begin PBXVariantGroup section */
		0ED1054114708A12000A2AE9 /* InfoPlist.strings */ = {
			isa = PBXVariantGroup;
			children = (
				0ED1054214708A12000A2AE9 /* en */,
			);
			name = InfoPlist.strings;
			sourceTree = "<group>";
		};
		0ED1054A14708A12000A2AE9 /* MainWindow.xib */ = {
			isa = PBXVariantGroup;
			children = (
				0ED1054B14708A12000A2AE9 /* en */,
			);
			name = MainWindow.xib;
			sourceTree = "<group>";
		};
		0ED1055014708A12000A2AE9 /* AnotherProjectViewController.xib */ = {
			isa = PBXVariantGroup;
			children = (
				0ED1055114708A12000A2AE9 /* en */,
			);
			name = AnotherProjectViewController.xib;
			sourceTree = "<group>";
		};
/* End PBXVariantGroup section */

/* Begin XCBuildConfiguration section */
		0ED1055314708A12000A2AE9 /* Debug */ = {
			isa = XCBuildConfiguration;
			buildSettings = {
				ARCHS = "$(ARCHS_STANDARD_32_BIT)";
				"CODE_SIGN_IDENTITY[sdk=iphoneos*]" = "iPhone Developer";
				GCC_C_LANGUAGE_STANDARD = gnu99;
				GCC_OPTIMIZATION_LEVEL = 0;
				GCC_PREPROCESSOR_DEFINITIONS = DEBUG;
				GCC_SYMBOLS_PRIVATE_EXTERN = NO;
				GCC_VERSION = com.apple.compilers.llvmgcc42;
				GCC_WARN_ABOUT_RETURN_TYPE = YES;
				GCC_WARN_UNUSED_VARIABLE = YES;
				IPHONEOS_DEPLOYMENT_TARGET = 4.3;
				SDKROOT = iphoneos;
			};
			name = Debug;
		};
		0ED1055414708A12000A2AE9 /* Release */ = {
			isa = XCBuildConfiguration;
			buildSettings = {
				ARCHS = "$(ARCHS_STANDARD_32_BIT)";
				"CODE_SIGN_IDENTITY[sdk=iphoneos*]" = "iPhone Developer";
				GCC_C_LANGUAGE_STANDARD = gnu99;
				GCC_VERSION = com.apple.compilers.llvmgcc42;
				GCC_WARN_ABOUT_RETURN_TYPE = YES;
				GCC_WARN_UNUSED_VARIABLE = YES;
				IPHONEOS_DEPLOYMENT_TARGET = 4.3;
				OTHER_CFLAGS = "-DNS_BLOCK_ASSERTIONS=1";
				SDKROOT = iphoneos;
			};
			name = Release;
		};
		0ED1055614708A12000A2AE9 /* Debug */ = {
			isa = XCBuildConfiguration;
			buildSettings = {
				ALWAYS_SEARCH_USER_PATHS = NO;
				COPY_PHASE_STRIP = NO;
				GCC_DYNAMIC_NO_PIC = NO;
				GCC_PRECOMPILE_PREFIX_HEADER = YES;
				GCC_PREFIX_HEADER = "AnotherProject/AnotherProject-Prefix.pch";
				INFOPLIST_FILE = "AnotherProject/AnotherProject-Info.plist";
				PRODUCT_NAME = "$(TARGET_NAME)";
				WRAPPER_EXTENSION = app;
			};
			name = Debug;
		};
		0ED1055714708A12000A2AE9 /* Release */ = {
			isa = XCBuildConfiguration;
			buildSettings = {
				ALWAYS_SEARCH_USER_PATHS = NO;
				COPY_PHASE_STRIP = YES;
				GCC_PRECOMPILE_PREFIX_HEADER = YES;
				GCC_PREFIX_HEADER = "AnotherProject/AnotherProject-Prefix.pch";
				INFOPLIST_FILE = "AnotherProject/AnotherProject-Info.plist";
				PRODUCT_NAME = "$(TARGET_NAME)";
				VALIDATE_PRODUCT = YES;
				WRAPPER_EXTENSION = app;
			};
			name = Release;
		};
/* End XCBuildConfiguration section */

/* Begin XCConfigurationList section */
		0ED1052E14708A12000A2AE9 /* Build configuration list for PBXProject "AnotherProject" */ = {
			isa = XCConfigurationList;
			buildConfigurations = (
				0ED1055314708A12000A2AE9 /* Debug */,
				0ED1055414708A12000A2AE9 /* Release */,
			);
			defaultConfigurationIsVisible = 0;
			defaultConfigurationName = Release;
		};
		0ED1055514708A12000A2AE9 /* Build configuration list for PBXNativeTarget "AnotherProject" */ = {
			isa = XCConfigurationList;
			buildConfigurations = (
				0ED1055614708A12000A2AE9 /* Debug */,
				0ED1055714708A12000A2AE9 /* Release */,
			);
			defaultConfigurationIsVisible = 0;
		};
/* End XCConfigurationList section */
	};
	rootObject = 0ED1052B14708A12000A2AE9 /* Project object */;
}
